
Microsoft Visual Studio Solution File, Format Version 12.00
# Visual Studio Version 17
VisualStudioVersion = 17.13.35931.197 d17.13
MinimumVisualStudioVersion = 10.0.40219.1
Project("{FAE04EC0-301F-11D3-BF4B-00C04F79EFBC}") = "FizzBuzz", "FizzBuzz\FizzBuzz.csproj", "{7EF8F0E4-697A-4829-A320-4C5000E3A02A}"
EndProject
Global
	GlobalSection(SolutionConfigurationPlatforms) = preSolution
		Debug|Any CPU = Debug|Any CPU
		Release|Any CPU = Release|Any CPU
	EndGlobalSection
	GlobalSection(ProjectConfigurationPlatforms) = postSolution
		{7EF8F0E4-697A-4829-A320-4C5000E3A02A}.Debug|Any CPU.ActiveCfg = Debug|Any CPU
		{7EF8F0E4-697A-4829-A320-4C5000E3A02A}.Debug|Any CPU.Build.0 = Debug|Any CPU
		{7EF8F0E4-697A-4829-A320-4C5000E3A02A}.Release|Any CPU.ActiveCfg = Release|Any CPU
		{7EF8F0E4-697A-4829-A320-4C5000E3A02A}.Release|Any CPU.Build.0 = Release|Any CPU
	EndGlobalSection
	GlobalSection(SolutionProperties) = preSolution
		HideSolutionNode = FALSE
	EndGlobalSection
	GlobalSection(ExtensibilityGlobals) = postSolution
		SolutionGuid = {AB8A91E5-479D-46DB-94E9-0AFC7F9B44A6}
	EndGlobalSection
EndGlobal
